
Microsoft Visual Studio Solution File, Format Version 12.00
# Visual Studio Version 17
VisualStudioVersion = 17.2.32630.192
MinimumVisualStudioVersion = 10.0.40219.1
Project("{8BC9CEB8-8B4A-11D0-8D11-00A0C91BC942}") = "ConsoleApplication2", "ConsoleApplication2\ConsoleApplication2.vcxproj", "{31EB935D-F089-44D7-92F3-4D9EFC2585A0}"
EndProject
Global
	GlobalSection(SolutionConfigurationPlatforms) = preSolution
		Debug|x64 = Debug|x64
		Debug|x86 = Debug|x86
		Release|x64 = Release|x64
		Release|x86 = Release|x86
	EndGlobalSection
	GlobalSection(ProjectConfigurationPlatforms) = postSolution
		{31EB935D-F089-44D7-92F3-4D9EFC2585A0}.Debug|x64.ActiveCfg = Debug|x64
		{31EB935D-F089-44D7-92F3-4D9EFC2585A0}.Debug|x64.Build.0 = Debug|x64
		{31EB935D-F089-44D7-92F3-4D9EFC2585A0}.Debug|x86.ActiveCfg = Debug|Win32
		{31EB935D-F089-44D7-92F3-4D9EFC2585A0}.Debug|x86.Build.0 = Debug|Win32
		{31EB935D-F089-44D7-92F3-4D9EFC2585A0}.Release|x64.ActiveCfg = Release|x64
		{31EB935D-F089-44D7-92F3-4D9EFC2585A0}.Release|x64.Build.0 = Release|x64
		{31EB935D-F089-44D7-92F3-4D9EFC2585A0}.Release|x86.ActiveCfg = Release|Win32
		{31EB935D-F089-44D7-92F3-4D9EFC2585A0}.Release|x86.Build.0 = Release|Win32
	EndGlobalSection
	GlobalSection(SolutionProperties) = preSolution
		HideSolutionNode = FALSE
	EndGlobalSection
	GlobalSection(ExtensibilityGlobals) = postSolution
		SolutionGuid = {4F49053B-3612-4203-98B7-D122C6398DE6}
	EndGlobalSection
EndGlobal
